
Microsoft Visual Studio Solution File, Format Version 12.00
# Visual Studio Version 17
VisualStudioVersion = 17.13.35931.197 d17.13
MinimumVisualStudioVersion = 10.0.40219.1
Project("{FAE04EC0-301F-11D3-BF4B-00C04F79EFBC}") = "cs_prj", "cs_prj\cs_prj.csproj", "{B74DD8D1-DD82-4077-B0C1-F093EB65FACF}"
EndProject
Global
	GlobalSection(SolutionConfigurationPlatforms) = preSolution
		Debug|Any CPU = Debug|Any CPU
		Release|Any CPU = Release|Any CPU
	EndGlobalSection
	GlobalSection(ProjectConfigurationPlatforms) = postSolution
		{B74DD8D1-DD82-4077-B0C1-F093EB65FACF}.Debug|Any CPU.ActiveCfg = Debug|Any CPU
		{B74DD8D1-DD82-4077-B0C1-F093EB65FACF}.Debug|Any CPU.Build.0 = Debug|Any CPU
		{B74DD8D1-DD82-4077-B0C1-F093EB65FACF}.Release|Any CPU.ActiveCfg = Release|Any CPU
		{B74DD8D1-DD82-4077-B0C1-F093EB65FACF}.Release|Any CPU.Build.0 = Release|Any CPU
	EndGlobalSection
	GlobalSection(SolutionProperties) = preSolution
		HideSolutionNode = FALSE
	EndGlobalSection
	GlobalSection(ExtensibilityGlobals) = postSolution
		SolutionGuid = {418E7713-A31D-40A4-810C-284643E5E723}
	EndGlobalSection
EndGlobal
